
Microsoft Visual Studio Solution File, Format Version 12.00
# Blend for Visual Studio 14
VisualStudioVersion = 14.0.25123.0
MinimumVisualStudioVersion = 10.0.40219.1
Project("{FAE04EC0-301F-11D3-BF4B-00C04F79EFBC}") = "alive", "..\arp.dll\arp.dll\alive.csproj", "{D57E926D-58FD-49C4-B007-F507D16FA0A9}"
EndProject
Global
	GlobalSection(SolutionConfigurationPlatforms) = preSolution
		Debug|Any CPU = Debug|Any CPU
		Debug|x64 = Debug|x64
		Debug|x86 = Debug|x86
		exodus|Any CPU = exodus|Any CPU
		exodus|x64 = exodus|x64
		exodus|x86 = exodus|x86
		Release|Any CPU = Release|Any CPU
		Release|x64 = Release|x64
		Release|x86 = Release|x86
	EndGlobalSection
	GlobalSection(ProjectConfigurationPlatforms) = postSolution
		{D57E926D-58FD-49C4-B007-F507D16FA0A9}.Debug|Any CPU.ActiveCfg = Release|Any CPU
		{D57E926D-58FD-49C4-B007-F507D16FA0A9}.Debug|Any CPU.Build.0 = Release|Any CPU
		{D57E926D-58FD-49C4-B007-F507D16FA0A9}.Debug|x64.ActiveCfg = Release|Any CPU
		{D57E926D-58FD-49C4-B007-F507D16FA0A9}.Debug|x64.Build.0 = Release|Any CPU
		{D57E926D-58FD-49C4-B007-F507D16FA0A9}.Debug|x86.ActiveCfg = Release|Any CPU
		{D57E926D-58FD-49C4-B007-F507D16FA0A9}.Debug|x86.Build.0 = Release|Any CPU
		{D57E926D-58FD-49C4-B007-F507D16FA0A9}.exodus|Any CPU.ActiveCfg = Release|Any CPU
		{D57E926D-58FD-49C4-B007-F507D16FA0A9}.exodus|Any CPU.Build.0 = Release|Any CPU
		{D57E926D-58FD-49C4-B007-F507D16FA0A9}.exodus|x64.ActiveCfg = Release|Any CPU
		{D57E926D-58FD-49C4-B007-F507D16FA0A9}.exodus|x64.Build.0 = Release|Any CPU
		{D57E926D-58FD-49C4-B007-F507D16FA0A9}.exodus|x86.ActiveCfg = Release|Any CPU
		{D57E926D-58FD-49C4-B007-F507D16FA0A9}.exodus|x86.Build.0 = Release|Any CPU
		{D57E926D-58FD-49C4-B007-F507D16FA0A9}.Release|Any CPU.ActiveCfg = Release|Any CPU
		{D57E926D-58FD-49C4-B007-F507D16FA0A9}.Release|Any CPU.Build.0 = Release|Any CPU
		{D57E926D-58FD-49C4-B007-F507D16FA0A9}.Release|x64.ActiveCfg = Release|Any CPU
		{D57E926D-58FD-49C4-B007-F507D16FA0A9}.Release|x64.Build.0 = Release|Any CPU
		{D57E926D-58FD-49C4-B007-F507D16FA0A9}.Release|x86.ActiveCfg = Release|Any CPU
		{D57E926D-58FD-49C4-B007-F507D16FA0A9}.Release|x86.Build.0 = Release|Any CPU
	EndGlobalSection
	GlobalSection(SolutionProperties) = preSolution
		HideSolutionNode = FALSE
	EndGlobalSection
EndGlobal
